
Microsoft Visual Studio Solution File, Format Version 12.00
# Visual Studio 15
VisualStudioVersion = 15.0.28010.2036
MinimumVisualStudioVersion = 10.0.40219.1
Project("{8BC9CEB8-8B4A-11D0-8D11-00A0C91BC942}") = "TrikytaEngine", "TrikytaEngine\TrikytaEngine.vcxproj", "{26D2CD4D-6C4A-4A8D-89A9-A53D3B6359D4}"
EndProject
Project("{8BC9CEB8-8B4A-11D0-8D11-00A0C91BC942}") = "Game", "Game\Game.vcxproj", "{97514957-8549-41A2-B1BB-2065863EBB21}"
EndProject
Project("{8BC9CEB8-8B4A-11D0-8D11-00A0C91BC942}") = "PhysicsEngine", "PhysicsEngine\PhysicsEngine.vcxproj", "{D512840F-244E-40C4-87C6-E3876F66446E}"
EndProject
Project("{8BC9CEB8-8B4A-11D0-8D11-00A0C91BC942}") = "Libraries", "Libraries\Libraries.vcxproj", "{00A2718D-65E6-4BC6-9083-9950CF89A7FF}"
EndProject
Project("{8BC9CEB8-8B4A-11D0-8D11-00A0C91BC942}") = "LuaBinds", "LuaBinds\LuaBinds.vcxproj", "{6E09EEE4-5079-4B39-A1E0-A3689706AF19}"
EndProject
Global
	GlobalSection(SolutionConfigurationPlatforms) = preSolution
		Debug|x64 = Debug|x64
		Debug|x86 = Debug|x86
		Release|x64 = Release|x64
		Release|x86 = Release|x86
	EndGlobalSection
	GlobalSection(ProjectConfigurationPlatforms) = postSolution
		{26D2CD4D-6C4A-4A8D-89A9-A53D3B6359D4}.Debug|x64.ActiveCfg = Debug|x64
		{26D2CD4D-6C4A-4A8D-89A9-A53D3B6359D4}.Debug|x64.Build.0 = Debug|x64
		{26D2CD4D-6C4A-4A8D-89A9-A53D3B6359D4}.Debug|x86.ActiveCfg = Debug|x64
		{26D2CD4D-6C4A-4A8D-89A9-A53D3B6359D4}.Debug|x86.Build.0 = Debug|x64
		{26D2CD4D-6C4A-4A8D-89A9-A53D3B6359D4}.Release|x64.ActiveCfg = Release|x64
		{26D2CD4D-6C4A-4A8D-89A9-A53D3B6359D4}.Release|x64.Build.0 = Release|x64
		{26D2CD4D-6C4A-4A8D-89A9-A53D3B6359D4}.Release|x86.ActiveCfg = Release|Win32
		{26D2CD4D-6C4A-4A8D-89A9-A53D3B6359D4}.Release|x86.Build.0 = Release|Win32
		{97514957-8549-41A2-B1BB-2065863EBB21}.Debug|x64.ActiveCfg = Debug|x64
		{97514957-8549-41A2-B1BB-2065863EBB21}.Debug|x64.Build.0 = Debug|x64
		{97514957-8549-41A2-B1BB-2065863EBB21}.Debug|x86.ActiveCfg = Debug|x64
		{97514957-8549-41A2-B1BB-2065863EBB21}.Debug|x86.Build.0 = Debug|x64
		{97514957-8549-41A2-B1BB-2065863EBB21}.Release|x64.ActiveCfg = Release|x64
		{97514957-8549-41A2-B1BB-2065863EBB21}.Release|x64.Build.0 = Release|x64
		{97514957-8549-41A2-B1BB-2065863EBB21}.Release|x86.ActiveCfg = Release|Win32
		{97514957-8549-41A2-B1BB-2065863EBB21}.Release|x86.Build.0 = Release|Win32
		{D512840F-244E-40C4-87C6-E3876F66446E}.Debug|x64.ActiveCfg = Debug|x64
		{D512840F-244E-40C4-87C6-E3876F66446E}.Debug|x64.Build.0 = Debug|x64
		{D512840F-244E-40C4-87C6-E3876F66446E}.Debug|x86.ActiveCfg = Debug|x64
		{D512840F-244E-40C4-87C6-E3876F66446E}.Debug|x86.Build.0 = Debug|x64
		{D512840F-244E-40C4-87C6-E3876F66446E}.Release|x64.ActiveCfg = Release|x64
		{D512840F-244E-40C4-87C6-E3876F66446E}.Release|x64.Build.0 = Release|x64
		{D512840F-244E-40C4-87C6-E3876F66446E}.Release|x86.ActiveCfg = Release|Win32
		{D512840F-244E-40C4-87C6-E3876F66446E}.Release|x86.Build.0 = Release|Win32
		{00A2718D-65E6-4BC6-9083-9950CF89A7FF}.Debug|x64.ActiveCfg = Debug|x64
		{00A2718D-65E6-4BC6-9083-9950CF89A7FF}.Debug|x64.Build.0 = Debug|x64
		{00A2718D-65E6-4BC6-9083-9950CF89A7FF}.Debug|x86.ActiveCfg = Debug|x64
		{00A2718D-65E6-4BC6-9083-9950CF89A7FF}.Debug|x86.Build.0 = Debug|x64
		{00A2718D-65E6-4BC6-9083-9950CF89A7FF}.Release|x64.ActiveCfg = Release|x64
		{00A2718D-65E6-4BC6-9083-9950CF89A7FF}.Release|x64.Build.0 = Release|x64
		{00A2718D-65E6-4BC6-9083-9950CF89A7FF}.Release|x86.ActiveCfg = Release|Win32
		{00A2718D-65E6-4BC6-9083-9950CF89A7FF}.Release|x86.Build.0 = Release|Win32
		{6E09EEE4-5079-4B39-A1E0-A3689706AF19}.Debug|x64.ActiveCfg = Debug|x64
		{6E09EEE4-5079-4B39-A1E0-A3689706AF19}.Debug|x64.Build.0 = Debug|x64
		{6E09EEE4-5079-4B39-A1E0-A3689706AF19}.Debug|x86.ActiveCfg = Debug|x64
		{6E09EEE4-5079-4B39-A1E0-A3689706AF19}.Debug|x86.Build.0 = Debug|x64
		{6E09EEE4-5079-4B39-A1E0-A3689706AF19}.Release|x64.ActiveCfg = Release|x64
		{6E09EEE4-5079-4B39-A1E0-A3689706AF19}.Release|x64.Build.0 = Release|x64
		{6E09EEE4-5079-4B39-A1E0-A3689706AF19}.Release|x86.ActiveCfg = Release|Win32
		{6E09EEE4-5079-4B39-A1E0-A3689706AF19}.Release|x86.Build.0 = Release|Win32
	EndGlobalSection
	GlobalSection(SolutionProperties) = preSolution
		HideSolutionNode = FALSE
	EndGlobalSection
	GlobalSection(ExtensibilityGlobals) = postSolution
		SolutionGuid = {1A2F45A8-F3AE-46C7-B915-787F831A6C05}
	EndGlobalSection
EndGlobal
